# THIS IS AN AUTOGENERATED FILE. DO NOT EDIT THIS FILE DIRECTLY.
# yarn lockfile v1


cos-wx-sdk-v5@^0.7.9:
  version "0.7.9"
  resolved "https://registry.npm.taobao.org/cos-wx-sdk-v5/download/cos-wx-sdk-v5-0.7.9.tgz#03d1953c1d6f79ca0b871c8d2569d047c8f8a20b"
  integrity sha1-A9GVPB1vecoLhxyNJWnQR8j4ogs=
  dependencies:
    xmldom "^0.1.27"

miniprograms-navigation-bar@^2.0.2:
  version "2.0.2"
  resolved "https://registry.npm.taobao.org/miniprograms-navigation-bar/download/miniprograms-navigation-bar-2.0.2.tgz#b1d1a03feb3e86c8e2bc8837ea1c5dcee7073c3e"
  integrity sha1-sdGgP+s+hsjivIg36hxdzucHPD4=

tim-wx-sdk@^2.4.2:
  version "2.5.0"
  resolved "https://registry.npm.taobao.org/tim-wx-sdk/download/tim-wx-sdk-2.5.0.tgz#85286fdafa22c04e993e855f149083cb07b72e8f"
  integrity sha1-hShv2voiwE6ZPoVfFJCDywe3Lo8=

xmldom@^0.1.27:
  version "0.1.31"
  resolved "https://registry.npm.taobao.org/xmldom/download/xmldom-0.1.31.tgz#b76c9a1bd9f0a9737e5a72dc37231cf38375e2ff"
  integrity sha1-t2yaG9nwqXN+WnLcNyMc84N14v8=
